
Microsoft Visual Studio Solution File, Format Version 12.00
# Visual Studio Version 17
VisualStudioVersion = 17.10.35027.167
MinimumVisualStudioVersion = 10.0.40219.1
Project("{FAE04EC0-301F-11D3-BF4B-00C04F79EFBC}") = "APIKeyManager", "APIKeyManager\APIKeyManager.csproj", "{54CD4603-A108-4BAC-A019-88A9E0416E26}"
EndProject
Global
	GlobalSection(SolutionConfigurationPlatforms) = preSolution
		Debug|Any CPU = Debug|Any CPU
		Release|Any CPU = Release|Any CPU
	EndGlobalSection
	GlobalSection(ProjectConfigurationPlatforms) = postSolution
		{54CD4603-A108-4BAC-A019-88A9E0416E26}.Debug|Any CPU.ActiveCfg = Debug|Any CPU
		{54CD4603-A108-4BAC-A019-88A9E0416E26}.Debug|Any CPU.Build.0 = Debug|Any CPU
		{54CD4603-A108-4BAC-A019-88A9E0416E26}.Release|Any CPU.ActiveCfg = Release|Any CPU
		{54CD4603-A108-4BAC-A019-88A9E0416E26}.Release|Any CPU.Build.0 = Release|Any CPU
	EndGlobalSection
	GlobalSection(SolutionProperties) = preSolution
		HideSolutionNode = FALSE
	EndGlobalSection
	GlobalSection(ExtensibilityGlobals) = postSolution
		SolutionGuid = {0CE6F88E-395F-4D88-AC04-714987F3D443}
	EndGlobalSection
EndGlobal
